{
  "requires": true,
  "lockfileVersion": 1,
  "dependencies": {
    "@octetstream/invariant": {
      "version": "https://registry.npmjs.org/@octetstream/invariant/-/invariant-1.1.0.tgz",
      "integrity": "sha1-ZS1ztsuaXwzGrLdYhDxCA9MQToQ=",
      "requires": {
        "sprintf-js": "https://registry.npmjs.org/sprintf-js/-/sprintf-js-1.1.1.tgz"
      }
    },
    "@types/body-parser": {
      "version": "https://registry.npmjs.org/@types/body-parser/-/body-parser-1.16.8.tgz",
      "integrity": "sha1-aH7DQUBiSjvsKxqOqSaEeK6PO+M=",
      "requires": {
        "@types/express": "https://registry.npmjs.org/@types/express/-/express-4.0.39.tgz",
        "@types/node": "https://registry.npmjs.org/@types/node/-/node-8.0.54.tgz"
      }
    },
    "@types/events": {
      "version": "https://registry.npmjs.org/@types/events/-/events-1.1.0.tgz",
      "integrity": "sha1-k7G+kfY8GERQOFJyxHtklv0CjgI="
    },
    "@types/express": {
      "version": "https://registry.npmjs.org/@types/express/-/express-4.0.39.tgz",
      "integrity": "sha1-FEHyHVKzO+jU+oqGXBWmqRzQ+gk=",
      "requires": {
        "@types/body-parser": "https://registry.npmjs.org/@types/body-parser/-/body-parser-1.16.8.tgz",
        "@types/express-serve-static-core": "https://registry.npmjs.org/@types/express-serve-static-core/-/express-serve-static-core-4.0.57.tgz",
        "@types/serve-static": "https://registry.npmjs.org/@types/serve-static/-/serve-static-1.13.1.tgz"
      }
    },
    "@types/express-serve-static-core": {
      "version": "https://registry.npmjs.org/@types/express-serve-static-core/-/express-serve-static-core-4.0.57.tgz",
      "integrity": "sha1-PNirSxHV7NcDk7raf8HEgEkVN90=",
      "requires": {
        "@types/node": "https://registry.npmjs.org/@types/node/-/node-8.0.54.tgz"
      }
    },
    "@types/mime": {
      "version": "https://registry.npmjs.org/@types/mime/-/mime-2.0.0.tgz",
      "integrity": "sha1-WnMG42fFObn2VDSZ3o3VGfrDeos="
    },
    "@types/node": {
      "version": "https://registry.npmjs.org/@types/node/-/node-8.0.54.tgz",
      "integrity": "sha1-P9k1fbSvOIt54DhFNAJZRA7f/eY=",
      "requires": {
        "@types/events": "https://registry.npmjs.org/@types/events/-/events-1.1.0.tgz"
      }
    },
    "@types/serve-static": {
      "version": "https://registry.npmjs.org/@types/serve-static/-/serve-static-1.13.1.tgz",
      "integrity": "sha1-HSgB+mNdJ0zZfU7AfiayG0QSdJI=",
      "requires": {
        "@types/express-serve-static-core": "https://registry.npmjs.org/@types/express-serve-static-core/-/express-serve-static-core-4.0.57.tgz",
        "@types/mime": "https://registry.npmjs.org/@types/mime/-/mime-2.0.0.tgz"
      }
    },
    "accepts": {
      "version": "https://registry.npmjs.org/accepts/-/accepts-1.3.4.tgz",
      "integrity": "sha1-hiRnWMfdbSGmR0/whKR0DsBesh8=",
      "requires": {
        "mime-types": "https://registry.npmjs.org/mime-types/-/mime-types-2.1.17.tgz",
        "negotiator": "https://registry.npmjs.org/negotiator/-/negotiator-0.6.1.tgz"
      }
    },
    "app": {
      "version": "https://registry.npmjs.org/app/-/app-0.1.0.tgz",
      "integrity": "sha1-eT4S9R98zgkiwjFlJhVDeGp0f+o=",
      "requires": {
        "app-client": "https://registry.npmjs.org/app-client/-/app-client-0.1.0.tgz",
        "connect": "3.6.5",
        "cornerstone": "https://registry.npmjs.org/cornerstone/-/cornerstone-0.1.1.tgz",
        "mime": "https://registry.npmjs.org/mime/-/mime-2.0.3.tgz",
        "mongoose": "https://registry.npmjs.org/mongoose/-/mongoose-4.13.6.tgz",
        "optimist": "https://registry.npmjs.org/optimist/-/optimist-0.6.1.tgz",
        "uglify-js": "https://registry.npmjs.org/uglify-js/-/uglify-js-3.2.1.tgz"
      }
    },
    "app-client": {
      "version": "https://registry.npmjs.org/app-client/-/app-client-0.1.0.tgz",
      "integrity": "sha1-K1pOexcCqmX92MnOZoN4o1hgcJ0=",
      "requires": {
        "connect": "3.6.5",
        "cornerstone": "https://registry.npmjs.org/cornerstone/-/cornerstone-0.1.1.tgz",
        "modulator": "https://registry.npmjs.org/modulator/-/modulator-0.1.0.tgz",
        "optimist": "https://registry.npmjs.org/optimist/-/optimist-0.6.1.tgz"
      }
    },
    "array-flatten": {
      "version": "https://registry.npmjs.org/array-flatten/-/array-flatten-1.1.1.tgz",
      "integrity": "sha1-ml9pkFGx5wczKPKgCJaLZOopVdI="
    },
    "async": {
      "version": "https://registry.npmjs.org/async/-/async-2.1.4.tgz",
      "integrity": "sha1-LSFgx3iAMuTdbL4lAvH5osj2zeQ=",
      "requires": {
        "lodash": "https://registry.npmjs.org/lodash/-/lodash-4.17.4.tgz"
      }
    },
    "bignumber.js": {
      "version": "https://registry.npmjs.org/bignumber.js/-/bignumber.js-4.0.4.tgz",
      "integrity": "sha1-fED1q80tZiOre5loLufbgbEYiaQ="
    },
    "bluebird": {
      "version": "https://registry.npmjs.org/bluebird/-/bluebird-3.5.0.tgz",
      "integrity": "sha1-eRQg1/VR7qKJdFOop3ZT+WYG1nw="
    },
    "body-parser": {
      "version": "https://registry.npmjs.org/body-parser/-/body-parser-1.18.2.tgz",
      "integrity": "sha1-h2eKGdhLR9hZuDGZvVm84iKxBFQ=",
      "requires": {
        "bytes": "https://registry.npmjs.org/bytes/-/bytes-3.0.0.tgz",
        "content-type": "https://registry.npmjs.org/content-type/-/content-type-1.0.4.tgz",
        "debug": "https://registry.npmjs.org/debug/-/debug-2.6.9.tgz",
        "depd": "https://registry.npmjs.org/depd/-/depd-1.1.1.tgz",
        "http-errors": "https://registry.npmjs.org/http-errors/-/http-errors-1.6.2.tgz",
        "iconv-lite": "https://registry.npmjs.org/iconv-lite/-/iconv-lite-0.4.19.tgz",
        "on-finished": "https://registry.npmjs.org/on-finished/-/on-finished-2.3.0.tgz",
        "qs": "https://registry.npmjs.org/qs/-/qs-6.5.1.tgz",
        "raw-body": "https://registry.npmjs.org/raw-body/-/raw-body-2.3.2.tgz",
        "type-is": "https://registry.npmjs.org/type-is/-/type-is-1.6.15.tgz"
      }
    },
    "bson": {
      "version": "https://registry.npmjs.org/bson/-/bson-1.0.4.tgz",
      "integrity": "sha1-k8ENOeqltYQVy8QFLz5T5WKwtyw="
    },
    "buffer-shims": {
      "version": "https://registry.npmjs.org/buffer-shims/-/buffer-shims-1.0.0.tgz",
      "integrity": "sha1-mXjOMXOIxkmth5MCjDR37wRKi1E="
    },
    "busboy": {
      "version": "https://registry.npmjs.org/busboy/-/busboy-0.2.14.tgz",
      "integrity": "sha1-bCpiLvz0fFe7vh4qnDetNseSVFM=",
      "requires": {
        "dicer": "https://registry.npmjs.org/dicer/-/dicer-0.2.5.tgz",
        "readable-stream": "https://registry.npmjs.org/readable-stream/-/readable-stream-1.1.14.tgz"
      },
      "dependencies": {
        "isarray": {
          "version": "https://registry.npmjs.org/isarray/-/isarray-0.0.1.tgz",
          "integrity": "sha1-ihis/Kmo9Bd+Cav8YDiTmwXR7t8="
        },
        "readable-stream": {
          "version": "https://registry.npmjs.org/readable-stream/-/readable-stream-1.1.14.tgz",
          "integrity": "sha1-fPTFTvZI44EwhMY23SB54WbAgdk=",
          "requires": {
            "core-util-is": "https://registry.npmjs.org/core-util-is/-/core-util-is-1.0.2.tgz",
            "inherits": "https://registry.npmjs.org/inherits/-/inherits-2.0.3.tgz",
            "isarray": "https://registry.npmjs.org/isarray/-/isarray-0.0.1.tgz",
            "string_decoder": "https://registry.npmjs.org/string_decoder/-/string_decoder-0.10.31.tgz"
          }
        },
        "string_decoder": {
          "version": "https://registry.npmjs.org/string_decoder/-/string_decoder-0.10.31.tgz",
          "integrity": "sha1-YuIDvEF2bGwoyfyEMB2rHFMQ+pQ="
        }
      }
    },
    "bytes": {
      "version": "https://registry.npmjs.org/bytes/-/bytes-3.0.0.tgz",
      "integrity": "sha1-0ygVQE1olpn4Wk6k+odV3ROpYEg="
    },
    "commander": {
      "version": "https://registry.npmjs.org/commander/-/commander-2.12.2.tgz",
      "integrity": "sha1-D1lGxCftnsDZGka7ne9T5UZQ5VU="
    },
    "connect": {
      "version": "3.6.5",
      "resolved": "https://registry.npmjs.org/connect/-/connect-3.6.5.tgz",
      "integrity": "sha1-+43ee6B2OHfQ7J352sC0tA5yx9o=",
      "requires": {
        "debug": "https://registry.npmjs.org/debug/-/debug-2.6.9.tgz",
        "finalhandler": "1.0.6",
        "parseurl": "https://registry.npmjs.org/parseurl/-/parseurl-1.3.2.tgz",
        "utils-merge": "https://registry.npmjs.org/utils-merge/-/utils-merge-1.0.1.tgz"
      }
    },
    "content-disposition": {
      "version": "https://registry.npmjs.org/content-disposition/-/content-disposition-0.5.2.tgz",
      "integrity": "sha1-DPaLud318r55YcOoUXjLhdunjLQ="
    },
    "content-type": {
      "version": "https://registry.npmjs.org/content-type/-/content-type-1.0.4.tgz",
      "integrity": "sha1-4TjMdeBAxyexlm/l5fjJruJW/js="
    },
    "cookie": {
      "version": "https://registry.npmjs.org/cookie/-/cookie-0.3.1.tgz",
      "integrity": "sha1-5+Ch+e9DtMi6klxcWpboBtFoc7s="
    },
    "cookie-session": {
      "version": "2.0.0-beta.3",
      "resolved": "https://registry.npmjs.org/cookie-session/-/cookie-session-2.0.0-beta.3.tgz",
      "integrity": "sha512-zyqm5tA0z9yMEB/xyP7lnRnqp8eLR2e0dap+9+rBwVigla9yPKn8XTL1jJymog8xjfrowqW2o5LUjixQChkqrw==",
      "requires": {
        "cookies": "0.7.1",
        "debug": "3.1.0",
        "on-headers": "1.0.1",
        "safe-buffer": "https://registry.npmjs.org/safe-buffer/-/safe-buffer-5.1.1.tgz"
      },
      "dependencies": {
        "debug": {
          "version": "3.1.0",
          "resolved": "https://registry.npmjs.org/debug/-/debug-3.1.0.tgz",
          "integrity": "sha512-OX8XqP7/1a9cqkxYw2yXss15f26NKWBpDXQd0/uK/KPqdQhxbPa994hnzjcE2VqQpDslf55723cKPUOGSmMY3g==",
          "requires": {
            "ms": "https://registry.npmjs.org/ms/-/ms-2.0.0.tgz"
          }
        }
      }
    },
    "cookie-signature": {
      "version": "https://registry.npmjs.org/cookie-signature/-/cookie-signature-1.0.6.tgz",
      "integrity": "sha1-4wOogrNCzD7oylE6eZmXNNqzriw="
    },
    "cookies": {
      "version": "0.7.1",
      "resolved": "https://registry.npmjs.org/cookies/-/cookies-0.7.1.tgz",
      "integrity": "sha1-fIphX1SBxhq58WyDNzG8uPZjuZs=",
      "requires": {
        "depd": "https://registry.npmjs.org/depd/-/depd-1.1.1.tgz",
        "keygrip": "1.0.2"
      }
    },
    "core-util-is": {
      "version": "https://registry.npmjs.org/core-util-is/-/core-util-is-1.0.2.tgz",
      "integrity": "sha1-tf1UIgqivFq1eqtxQMlAdUUDwac="
    },
    "cornerstone": {
      "version": "https://registry.npmjs.org/cornerstone/-/cornerstone-0.1.1.tgz",
      "integrity": "sha1-D4mxPUZVrgAEgUZpOWwZUqnXjt0="
    },
    "crc": {
      "version": "3.4.4",
      "resolved": "https://registry.npmjs.org/crc/-/crc-3.4.4.tgz",
      "integrity": "sha1-naHpgOO9RPxck79as9ozeNheRms="
    },
    "debug": {
      "version": "https://registry.npmjs.org/debug/-/debug-2.6.9.tgz",
      "integrity": "sha1-XRKFFd8TT/Mn6QpMk/Tgd6U2NB8=",
      "requires": {
        "ms": "https://registry.npmjs.org/ms/-/ms-2.0.0.tgz"
      }
    },
    "depd": {
      "version": "https://registry.npmjs.org/depd/-/depd-1.1.1.tgz",
      "integrity": "sha1-V4O04cRZ8G+lyif5kfPQbnoxA1k="
    },
    "destroy": {
      "version": "https://registry.npmjs.org/destroy/-/destroy-1.0.4.tgz",
      "integrity": "sha1-l4hXRCxEdJ5CBmE+N5RiBYJqvYA="
    },
    "dicer": {
      "version": "https://registry.npmjs.org/dicer/-/dicer-0.2.5.tgz",
      "integrity": "sha1-WZbAhrszIYyBLAkL3cCc0S+stw8=",
      "requires": {
        "readable-stream": "https://registry.npmjs.org/readable-stream/-/readable-stream-1.1.14.tgz",
        "streamsearch": "https://registry.npmjs.org/streamsearch/-/streamsearch-0.1.2.tgz"
      },
      "dependencies": {
        "isarray": {
          "version": "https://registry.npmjs.org/isarray/-/isarray-0.0.1.tgz",
          "integrity": "sha1-ihis/Kmo9Bd+Cav8YDiTmwXR7t8="
        },
        "readable-stream": {
          "version": "https://registry.npmjs.org/readable-stream/-/readable-stream-1.1.14.tgz",
          "integrity": "sha1-fPTFTvZI44EwhMY23SB54WbAgdk=",
          "requires": {
            "core-util-is": "https://registry.npmjs.org/core-util-is/-/core-util-is-1.0.2.tgz",
            "inherits": "https://registry.npmjs.org/inherits/-/inherits-2.0.3.tgz",
            "isarray": "https://registry.npmjs.org/isarray/-/isarray-0.0.1.tgz",
            "string_decoder": "https://registry.npmjs.org/string_decoder/-/string_decoder-0.10.31.tgz"
          }
        },
        "string_decoder": {
          "version": "https://registry.npmjs.org/string_decoder/-/string_decoder-0.10.31.tgz",
          "integrity": "sha1-YuIDvEF2bGwoyfyEMB2rHFMQ+pQ="
        }
      }
    },
    "double-ended-queue": {
      "version": "2.1.0-0",
      "resolved": "https://registry.npmjs.org/double-ended-queue/-/double-ended-queue-2.1.0-0.tgz",
      "integrity": "sha1-ED01J/0xUo9AGIEwyEHv3XgmTlw="
    },
    "ee-first": {
      "version": "https://registry.npmjs.org/ee-first/-/ee-first-1.1.1.tgz",
      "integrity": "sha1-WQxhFWsK4vTwJVcyoViyZrxWsh0="
    },
    "ejs": {
      "version": "2.5.7",
      "resolved": "https://registry.npmjs.org/ejs/-/ejs-2.5.7.tgz",
      "integrity": "sha1-zIcsFoiArjxxiXYv1f/ACJbJUYo="
    },
    "encodeurl": {
      "version": "https://registry.npmjs.org/encodeurl/-/encodeurl-1.0.1.tgz",
      "integrity": "sha1-eePVhlU0aQn+bw9Fpd5oEDspTSA="
    },
    "es6-promise": {
      "version": "https://registry.npmjs.org/es6-promise/-/es6-promise-3.2.1.tgz",
      "integrity": "sha1-7FYjOGgDKQkgcXDDlEjiREndH8Q="
    },
    "escape-html": {
      "version": "https://registry.npmjs.org/escape-html/-/escape-html-1.0.3.tgz",
      "integrity": "sha1-Aljq5NPQwJdN4cFpGI7wBR0dGYg="
    },
    "etag": {
      "version": "https://registry.npmjs.org/etag/-/etag-1.8.1.tgz",
      "integrity": "sha1-Qa4u62XvpiJorr/qg6x9eSmbCIc="
    },
    "express": {
      "version": "https://registry.npmjs.org/express/-/express-4.16.2.tgz",
      "integrity": "sha1-41xt/i1kt9ygpc1PIXgb4ymeB2w=",
      "requires": {
        "accepts": "https://registry.npmjs.org/accepts/-/accepts-1.3.4.tgz",
        "array-flatten": "https://registry.npmjs.org/array-flatten/-/array-flatten-1.1.1.tgz",
        "body-parser": "https://registry.npmjs.org/body-parser/-/body-parser-1.18.2.tgz",
        "content-disposition": "https://registry.npmjs.org/content-disposition/-/content-disposition-0.5.2.tgz",
        "content-type": "https://registry.npmjs.org/content-type/-/content-type-1.0.4.tgz",
        "cookie": "https://registry.npmjs.org/cookie/-/cookie-0.3.1.tgz",
        "cookie-signature": "https://registry.npmjs.org/cookie-signature/-/cookie-signature-1.0.6.tgz",
        "debug": "https://registry.npmjs.org/debug/-/debug-2.6.9.tgz",
        "depd": "https://registry.npmjs.org/depd/-/depd-1.1.1.tgz",
        "encodeurl": "https://registry.npmjs.org/encodeurl/-/encodeurl-1.0.1.tgz",
        "escape-html": "https://registry.npmjs.org/escape-html/-/escape-html-1.0.3.tgz",
        "etag": "https://registry.npmjs.org/etag/-/etag-1.8.1.tgz",
        "finalhandler": "https://registry.npmjs.org/finalhandler/-/finalhandler-1.1.0.tgz",
        "fresh": "https://registry.npmjs.org/fresh/-/fresh-0.5.2.tgz",
        "merge-descriptors": "https://registry.npmjs.org/merge-descriptors/-/merge-descriptors-1.0.1.tgz",
        "methods": "https://registry.npmjs.org/methods/-/methods-1.1.2.tgz",
        "on-finished": "https://registry.npmjs.org/on-finished/-/on-finished-2.3.0.tgz",
        "parseurl": "https://registry.npmjs.org/parseurl/-/parseurl-1.3.2.tgz",
        "path-to-regexp": "https://registry.npmjs.org/path-to-regexp/-/path-to-regexp-0.1.7.tgz",
        "proxy-addr": "https://registry.npmjs.org/proxy-addr/-/proxy-addr-2.0.2.tgz",
        "qs": "https://registry.npmjs.org/qs/-/qs-6.5.1.tgz",
        "range-parser": "https://registry.npmjs.org/range-parser/-/range-parser-1.2.0.tgz",
        "safe-buffer": "https://registry.npmjs.org/safe-buffer/-/safe-buffer-5.1.1.tgz",
        "send": "https://registry.npmjs.org/send/-/send-0.16.1.tgz",
        "serve-static": "https://registry.npmjs.org/serve-static/-/serve-static-1.13.1.tgz",
        "setprototypeof": "https://registry.npmjs.org/setprototypeof/-/setprototypeof-1.1.0.tgz",
        "statuses": "https://registry.npmjs.org/statuses/-/statuses-1.3.1.tgz",
        "type-is": "https://registry.npmjs.org/type-is/-/type-is-1.6.15.tgz",
        "utils-merge": "https://registry.npmjs.org/utils-merge/-/utils-merge-1.0.1.tgz",
        "vary": "https://registry.npmjs.org/vary/-/vary-1.1.2.tgz"
      },
      "dependencies": {
        "finalhandler": {
          "version": "https://registry.npmjs.org/finalhandler/-/finalhandler-1.1.0.tgz",
          "integrity": "sha1-zgtoVbRYU+eRsvzGgARtiCU91/U=",
          "requires": {
            "debug": "https://registry.npmjs.org/debug/-/debug-2.6.9.tgz",
            "encodeurl": "https://registry.npmjs.org/encodeurl/-/encodeurl-1.0.1.tgz",
            "escape-html": "https://registry.npmjs.org/escape-html/-/escape-html-1.0.3.tgz",
            "on-finished": "https://registry.npmjs.org/on-finished/-/on-finished-2.3.0.tgz",
            "parseurl": "https://registry.npmjs.org/parseurl/-/parseurl-1.3.2.tgz",
            "statuses": "https://registry.npmjs.org/statuses/-/statuses-1.3.1.tgz",
            "unpipe": "https://registry.npmjs.org/unpipe/-/unpipe-1.0.0.tgz"
          }
        },
        "setprototypeof": {
          "version": "https://registry.npmjs.org/setprototypeof/-/setprototypeof-1.1.0.tgz",
          "integrity": "sha1-0L2FU2iHtv58DYGMuWLZ2RxU5lY="
        }
      }
    },
    "express-fileupload": {
      "version": "https://registry.npmjs.org/express-fileupload/-/express-fileupload-0.3.0.tgz",
      "integrity": "sha1-0bd7VuW1Dl8i+DJolMTyW2zLobc=",
      "requires": {
        "busboy": "https://registry.npmjs.org/busboy/-/busboy-0.2.14.tgz",
        "fs-extra": "https://registry.npmjs.org/fs-extra/-/fs-extra-4.0.2.tgz",
        "streamifier": "https://registry.npmjs.org/streamifier/-/streamifier-0.1.1.tgz"
      }
    },
    "express-session": {
      "version": "1.15.6",
      "resolved": "https://registry.npmjs.org/express-session/-/express-session-1.15.6.tgz",
      "integrity": "sha512-r0nrHTCYtAMrFwZ0kBzZEXa1vtPVrw0dKvGSrKP4dahwBQ1BJpF2/y1Pp4sCD/0kvxV4zZeclyvfmw0B4RMJQA==",
      "requires": {
        "cookie": "https://registry.npmjs.org/cookie/-/cookie-0.3.1.tgz",
        "cookie-signature": "https://registry.npmjs.org/cookie-signature/-/cookie-signature-1.0.6.tgz",
        "crc": "3.4.4",
        "debug": "https://registry.npmjs.org/debug/-/debug-2.6.9.tgz",
        "depd": "https://registry.npmjs.org/depd/-/depd-1.1.1.tgz",
        "on-headers": "1.0.1",
        "parseurl": "https://registry.npmjs.org/parseurl/-/parseurl-1.3.2.tgz",
        "uid-safe": "2.1.5",
        "utils-merge": "https://registry.npmjs.org/utils-merge/-/utils-merge-1.0.1.tgz"
      }
    },
    "express-validator": {
      "version": "https://registry.npmjs.org/express-validator/-/express-validator-4.3.0.tgz",
      "integrity": "sha1-YCGKV3jFnV53i4muTgC3b4UQ73g=",
      "requires": {
        "@types/express": "https://registry.npmjs.org/@types/express/-/express-4.0.39.tgz",
        "lodash": "https://registry.npmjs.org/lodash/-/lodash-4.17.4.tgz",
        "validator": "https://registry.npmjs.org/validator/-/validator-8.2.0.tgz"
      }
    },
    "finalhandler": {
      "version": "1.0.6",
      "resolved": "https://registry.npmjs.org/finalhandler/-/finalhandler-1.0.6.tgz",
      "integrity": "sha1-AHrqM9Gk0+QgF/YkhIrVjSEvgU8=",
      "requires": {
        "debug": "https://registry.npmjs.org/debug/-/debug-2.6.9.tgz",
        "encodeurl": "https://registry.npmjs.org/encodeurl/-/encodeurl-1.0.1.tgz",
        "escape-html": "https://registry.npmjs.org/escape-html/-/escape-html-1.0.3.tgz",
        "on-finished": "https://registry.npmjs.org/on-finished/-/on-finished-2.3.0.tgz",
        "parseurl": "https://registry.npmjs.org/parseurl/-/parseurl-1.3.2.tgz",
        "statuses": "https://registry.npmjs.org/statuses/-/statuses-1.3.1.tgz",
        "unpipe": "https://registry.npmjs.org/unpipe/-/unpipe-1.0.0.tgz"
      }
    },
    "forwarded": {
      "version": "https://registry.npmjs.org/forwarded/-/forwarded-0.1.2.tgz",
      "integrity": "sha1-mMI9qxF1ZXuMBXPozszZGw/xjIQ="
    },
    "fresh": {
      "version": "https://registry.npmjs.org/fresh/-/fresh-0.5.2.tgz",
      "integrity": "sha1-PYyt2Q2XZWn6g1qx+OSyOhBWBac="
    },
    "fs": {
      "version": "https://registry.npmjs.org/fs/-/fs-0.0.1-security.tgz",
      "integrity": "sha1-invTcYa23d84E/I4WLV+yq9eQdQ="
    },
    "fs-extra": {
      "version": "https://registry.npmjs.org/fs-extra/-/fs-extra-4.0.2.tgz",
      "integrity": "sha1-+RcExT0bRh+JNFKwwwfZmXZHq2s=",
      "requires": {
        "graceful-fs": "https://registry.npmjs.org/graceful-fs/-/graceful-fs-4.1.11.tgz",
        "jsonfile": "https://registry.npmjs.org/jsonfile/-/jsonfile-4.0.0.tgz",
        "universalify": "https://registry.npmjs.org/universalify/-/universalify-0.1.1.tgz"
      }
    },
    "graceful-fs": {
      "version": "https://registry.npmjs.org/graceful-fs/-/graceful-fs-4.1.11.tgz",
      "integrity": "sha1-Dovf5NHduIVNZOBOp8AOKgJuVlg="
    },
    "hooks-fixed": {
      "version": "https://registry.npmjs.org/hooks-fixed/-/hooks-fixed-2.0.2.tgz",
      "integrity": "sha1-IAdtqgfnfYphBog84/FyLgURQLA="
    },
    "http-errors": {
      "version": "https://registry.npmjs.org/http-errors/-/http-errors-1.6.2.tgz",
      "integrity": "sha1-CgAsyFcHGSp+eUbO7cERVfYOxzY=",
      "requires": {
        "depd": "https://registry.npmjs.org/depd/-/depd-1.1.1.tgz",
        "inherits": "https://registry.npmjs.org/inherits/-/inherits-2.0.3.tgz",
        "setprototypeof": "https://registry.npmjs.org/setprototypeof/-/setprototypeof-1.0.3.tgz",
        "statuses": "https://registry.npmjs.org/statuses/-/statuses-1.3.1.tgz"
      }
    },
    "iconv-lite": {
      "version": "https://registry.npmjs.org/iconv-lite/-/iconv-lite-0.4.19.tgz",
      "integrity": "sha1-90aPYBNfXl2tM5nAqBvpoWA6CCs="
    },
    "inherits": {
      "version": "https://registry.npmjs.org/inherits/-/inherits-2.0.3.tgz",
      "integrity": "sha1-Yzwsg+PaQqUC9SRmAiSA9CCCYd4="
    },
    "ipaddr.js": {
      "version": "https://registry.npmjs.org/ipaddr.js/-/ipaddr.js-1.5.2.tgz",
      "integrity": "sha1-1LUFvemUaYfM8PxY2QEP+WB+P6A="
    },
    "isarray": {
      "version": "https://registry.npmjs.org/isarray/-/isarray-1.0.0.tgz",
      "integrity": "sha1-u5NdSFgsuhaMBoNJV6VKPgcSTxE="
    },
    "jsonfile": {
      "version": "https://registry.npmjs.org/jsonfile/-/jsonfile-4.0.0.tgz",
      "integrity": "sha1-h3Gq4HmbZAdrdmQPygWPnBDjPss=",
      "requires": {
        "graceful-fs": "https://registry.npmjs.org/graceful-fs/-/graceful-fs-4.1.11.tgz"
      }
    },
    "kareem": {
      "version": "https://registry.npmjs.org/kareem/-/kareem-1.5.0.tgz",
      "integrity": "sha1-4+QQHZ3P3imXadr0tNtk2JXRdEg="
    },
    "keygrip": {
      "version": "1.0.2",
      "resolved": "https://registry.npmjs.org/keygrip/-/keygrip-1.0.2.tgz",
      "integrity": "sha1-rTKXxVcGneqLz+ek+kkbdcXd65E="
    },
    "lodash": {
      "version": "https://registry.npmjs.org/lodash/-/lodash-4.17.4.tgz",
      "integrity": "sha1-eCA6TRwyiuHYbcpkYONptX9AVa4="
    },
    "lodash.get": {
      "version": "https://registry.npmjs.org/lodash.get/-/lodash.get-4.4.2.tgz",
      "integrity": "sha1-LRd/ZS+jHpObRDjVNBSZ36OCXpk="
    },
    "lodash.merge": {
      "version": "https://registry.npmjs.org/lodash.merge/-/lodash.merge-4.6.0.tgz",
      "integrity": "sha1-aYhLoUSsM/5plzemCG3v+t0PicU="
    },
    "media-typer": {
      "version": "https://registry.npmjs.org/media-typer/-/media-typer-0.3.0.tgz",
      "integrity": "sha1-hxDXrwqmJvj/+hzgAWhUUmMlV0g="
    },
    "merge-descriptors": {
      "version": "https://registry.npmjs.org/merge-descriptors/-/merge-descriptors-1.0.1.tgz",
      "integrity": "sha1-sAqqVW3YtEVoFQ7J0blT8/kMu2E="
    },
    "methods": {
      "version": "https://registry.npmjs.org/methods/-/methods-1.1.2.tgz",
      "integrity": "sha1-VSmk1nZUE07cxSZmVoNbD4Ua/O4="
    },
    "middleware": {
      "version": "1.0.0",
      "resolved": "https://registry.npmjs.org/middleware/-/middleware-1.0.0.tgz",
      "integrity": "sha1-fRxjY6QDoIEuV0DcROQkbnsCXOI="
    },
    "mime": {
      "version": "https://registry.npmjs.org/mime/-/mime-2.0.3.tgz",
      "integrity": "sha1-Q1MzeFR0fEjqSYMw3ANPn0u7zAs="
    },
    "mime-db": {
      "version": "https://registry.npmjs.org/mime-db/-/mime-db-1.30.0.tgz",
      "integrity": "sha1-dMZD2i3Z1qRTmZY0ZbJtXKfXHwE="
    },
    "mime-types": {
      "version": "https://registry.npmjs.org/mime-types/-/mime-types-2.1.17.tgz",
      "integrity": "sha1-Cdejk/A+mVp5+K+Fe3Cp4KsWVXo=",
      "requires": {
        "mime-db": "https://registry.npmjs.org/mime-db/-/mime-db-1.30.0.tgz"
      }
    },
    "minimist": {
      "version": "https://registry.npmjs.org/minimist/-/minimist-0.0.10.tgz",
      "integrity": "sha1-3j+YVD2/lggr5IrRoMfNqDYwHc8="
    },
    "modulator": {
      "version": "https://registry.npmjs.org/modulator/-/modulator-0.1.0.tgz",
      "integrity": "sha1-z9UVhD+R1nPxVWHZeZ33gErQMmY=",
      "requires": {
        "uglify-js": "https://registry.npmjs.org/uglify-js/-/uglify-js-3.2.1.tgz"
      }
    },
    "mongodb": {
      "version": "https://registry.npmjs.org/mongodb/-/mongodb-2.2.33.tgz",
      "integrity": "sha1-tTfEcdNKZlG0jzb9vyl1A0Dgi1A=",
      "requires": {
        "es6-promise": "https://registry.npmjs.org/es6-promise/-/es6-promise-3.2.1.tgz",
        "mongodb-core": "https://registry.npmjs.org/mongodb-core/-/mongodb-core-2.1.17.tgz",
        "readable-stream": "https://registry.npmjs.org/readable-stream/-/readable-stream-2.2.7.tgz"
      }
    },
    "mongodb-core": {
      "version": "https://registry.npmjs.org/mongodb-core/-/mongodb-core-2.1.17.tgz",
      "integrity": "sha1-pBizN6FKFJkPtRC5I97mqBMXPfg=",
      "requires": {
        "bson": "https://registry.npmjs.org/bson/-/bson-1.0.4.tgz",
        "require_optional": "https://registry.npmjs.org/require_optional/-/require_optional-1.0.1.tgz"
      }
    },
    "mongoose": {
      "version": "https://registry.npmjs.org/mongoose/-/mongoose-4.13.6.tgz",
      "integrity": "sha1-SBAvCw15epvSc+WB7vFtBQXvPXk=",
      "requires": {
        "async": "https://registry.npmjs.org/async/-/async-2.1.4.tgz",
        "bson": "https://registry.npmjs.org/bson/-/bson-1.0.4.tgz",
        "hooks-fixed": "https://registry.npmjs.org/hooks-fixed/-/hooks-fixed-2.0.2.tgz",
        "kareem": "https://registry.npmjs.org/kareem/-/kareem-1.5.0.tgz",
        "lodash.get": "https://registry.npmjs.org/lodash.get/-/lodash.get-4.4.2.tgz",
        "mongodb": "https://registry.npmjs.org/mongodb/-/mongodb-2.2.33.tgz",
        "mpath": "https://registry.npmjs.org/mpath/-/mpath-0.3.0.tgz",
        "mpromise": "https://registry.npmjs.org/mpromise/-/mpromise-0.5.5.tgz",
        "mquery": "https://registry.npmjs.org/mquery/-/mquery-2.3.3.tgz",
        "ms": "https://registry.npmjs.org/ms/-/ms-2.0.0.tgz",
        "muri": "https://registry.npmjs.org/muri/-/muri-1.3.0.tgz",
        "regexp-clone": "https://registry.npmjs.org/regexp-clone/-/regexp-clone-0.0.1.tgz",
        "sliced": "https://registry.npmjs.org/sliced/-/sliced-1.0.1.tgz"
      }
    },
    "mpath": {
      "version": "https://registry.npmjs.org/mpath/-/mpath-0.3.0.tgz",
      "integrity": "sha1-elj3iem1/TyUUgY0FXlg8mvV70Q="
    },
    "mpromise": {
      "version": "https://registry.npmjs.org/mpromise/-/mpromise-0.5.5.tgz",
      "integrity": "sha1-9bJCWddjrMIlewoMjG2Gb9UXMuY="
    },
    "mquery": {
      "version": "https://registry.npmjs.org/mquery/-/mquery-2.3.3.tgz",
      "integrity": "sha1-IhQS5dTnKQylWC3RbqjxkKUGtRg=",
      "requires": {
        "bluebird": "https://registry.npmjs.org/bluebird/-/bluebird-3.5.0.tgz",
        "debug": "https://registry.npmjs.org/debug/-/debug-2.6.9.tgz",
        "regexp-clone": "https://registry.npmjs.org/regexp-clone/-/regexp-clone-0.0.1.tgz",
        "sliced": "https://registry.npmjs.org/sliced/-/sliced-0.0.5.tgz"
      },
      "dependencies": {
        "sliced": {
          "version": "https://registry.npmjs.org/sliced/-/sliced-0.0.5.tgz",
          "integrity": "sha1-XtwETKTrb3gW1Qui/GPiXY/kcH8="
        }
      }
    },
    "ms": {
      "version": "https://registry.npmjs.org/ms/-/ms-2.0.0.tgz",
      "integrity": "sha1-VgiurfwAvmwpAd9fmGF4jeDVl8g="
    },
    "muri": {
      "version": "https://registry.npmjs.org/muri/-/muri-1.3.0.tgz",
      "integrity": "sha1-rszz22TFaqfFs04A+Vt4eFJ6RyE="
    },
    "mysql": {
      "version": "https://registry.npmjs.org/mysql/-/mysql-2.15.0.tgz",
      "integrity": "sha1-6haEEVY0Po8uR/yJhexBzdlXO1w=",
      "requires": {
        "bignumber.js": "https://registry.npmjs.org/bignumber.js/-/bignumber.js-4.0.4.tgz",
        "readable-stream": "https://registry.npmjs.org/readable-stream/-/readable-stream-2.3.3.tgz",
        "safe-buffer": "https://registry.npmjs.org/safe-buffer/-/safe-buffer-5.1.1.tgz",
        "sqlstring": "https://registry.npmjs.org/sqlstring/-/sqlstring-2.3.0.tgz"
      },
      "dependencies": {
        "readable-stream": {
          "version": "https://registry.npmjs.org/readable-stream/-/readable-stream-2.3.3.tgz",
          "integrity": "sha1-No8lEtefnUb9/HE0mueHi7weuVw=",
          "requires": {
            "core-util-is": "https://registry.npmjs.org/core-util-is/-/core-util-is-1.0.2.tgz",
            "inherits": "https://registry.npmjs.org/inherits/-/inherits-2.0.3.tgz",
            "isarray": "https://registry.npmjs.org/isarray/-/isarray-1.0.0.tgz",
            "process-nextick-args": "https://registry.npmjs.org/process-nextick-args/-/process-nextick-args-1.0.7.tgz",
            "safe-buffer": "https://registry.npmjs.org/safe-buffer/-/safe-buffer-5.1.1.tgz",
            "string_decoder": "https://registry.npmjs.org/string_decoder/-/string_decoder-1.0.3.tgz",
            "util-deprecate": "https://registry.npmjs.org/util-deprecate/-/util-deprecate-1.0.2.tgz"
          }
        }
      }
    },
    "nanoid": {
      "version": "https://registry.npmjs.org/nanoid/-/nanoid-1.0.0.tgz",
      "integrity": "sha1-/Ww9jFdu1vfmpFFSyZauP159/jY="
    },
    "negotiator": {
      "version": "https://registry.npmjs.org/negotiator/-/negotiator-0.6.1.tgz",
      "integrity": "sha1-KzJxhOiZIQEXeyhWP7XnECrNDKk="
    },
    "on-finished": {
      "version": "https://registry.npmjs.org/on-finished/-/on-finished-2.3.0.tgz",
      "integrity": "sha1-IPEzZIGwg811M3mSoWlxqi2QaUc=",
      "requires": {
        "ee-first": "https://registry.npmjs.org/ee-first/-/ee-first-1.1.1.tgz"
      }
    },
    "on-headers": {
      "version": "1.0.1",
      "resolved": "https://registry.npmjs.org/on-headers/-/on-headers-1.0.1.tgz",
      "integrity": "sha1-ko9dD0cNSTQmUepnlLCFfBAGk/c="
    },
    "optimist": {
      "version": "https://registry.npmjs.org/optimist/-/optimist-0.6.1.tgz",
      "integrity": "sha1-2j6nRob6IaGaERwybpDrFaAZZoY=",
      "requires": {
        "minimist": "https://registry.npmjs.org/minimist/-/minimist-0.0.10.tgz",
        "wordwrap": "https://registry.npmjs.org/wordwrap/-/wordwrap-0.0.3.tgz"
      }
    },
    "parseurl": {
      "version": "https://registry.npmjs.org/parseurl/-/parseurl-1.3.2.tgz",
      "integrity": "sha1-/CidTtiZMRlGDBViUyYs3I3mW/M="
    },
    "path": {
      "version": "https://registry.npmjs.org/path/-/path-0.12.7.tgz",
      "integrity": "sha1-1NwqUGxM4hl+tIHr/NWzbAFAsQ8=",
      "requires": {
        "process": "https://registry.npmjs.org/process/-/process-0.11.10.tgz",
        "util": "https://registry.npmjs.org/util/-/util-0.10.3.tgz"
      }
    },
    "path-to-regexp": {
      "version": "https://registry.npmjs.org/path-to-regexp/-/path-to-regexp-0.1.7.tgz",
      "integrity": "sha1-32BBeABfUi8V60SQ5yR6G/qmf4w="
    },
    "process": {
      "version": "https://registry.npmjs.org/process/-/process-0.11.10.tgz",
      "integrity": "sha1-czIwDoQBYb2j5podHZGn1LwW8YI="
    },
    "process-nextick-args": {
      "version": "https://registry.npmjs.org/process-nextick-args/-/process-nextick-args-1.0.7.tgz",
      "integrity": "sha1-FQ4gt1ZZCtP5EJPyWk8q2L/zC6M="
    },
    "proxy-addr": {
      "version": "https://registry.npmjs.org/proxy-addr/-/proxy-addr-2.0.2.tgz",
      "integrity": "sha1-ZXFQT0e7mI7IGAJT+F3X4UlSvew=",
      "requires": {
        "forwarded": "https://registry.npmjs.org/forwarded/-/forwarded-0.1.2.tgz",
        "ipaddr.js": "https://registry.npmjs.org/ipaddr.js/-/ipaddr.js-1.5.2.tgz"
      }
    },
    "qs": {
      "version": "https://registry.npmjs.org/qs/-/qs-6.5.1.tgz",
      "integrity": "sha1-NJzfbu+J7EXBLX1es/wMhwNDptg="
    },
    "random-bytes": {
      "version": "1.0.0",
      "resolved": "https://registry.npmjs.org/random-bytes/-/random-bytes-1.0.0.tgz",
      "integrity": "sha1-T2ih3Arli9P7lYSMMDJNt11kNgs="
    },
    "range-parser": {
      "version": "https://registry.npmjs.org/range-parser/-/range-parser-1.2.0.tgz",
      "integrity": "sha1-9JvmtIeJTdxA3MlKMi9hEJLgDV4="
    },
    "raw-body": {
      "version": "https://registry.npmjs.org/raw-body/-/raw-body-2.3.2.tgz",
      "integrity": "sha1-vNYMd9Prk83gBQKVw/N5OJvIj4k=",
      "requires": {
        "bytes": "https://registry.npmjs.org/bytes/-/bytes-3.0.0.tgz",
        "http-errors": "https://registry.npmjs.org/http-errors/-/http-errors-1.6.2.tgz",
        "iconv-lite": "https://registry.npmjs.org/iconv-lite/-/iconv-lite-0.4.19.tgz",
        "unpipe": "https://registry.npmjs.org/unpipe/-/unpipe-1.0.0.tgz"
      }
    },
    "readable-stream": {
      "version": "https://registry.npmjs.org/readable-stream/-/readable-stream-2.2.7.tgz",
      "integrity": "sha1-BwV6y+JGeyIELTb5jFrVBwVOlbE=",
      "requires": {
        "buffer-shims": "https://registry.npmjs.org/buffer-shims/-/buffer-shims-1.0.0.tgz",
        "core-util-is": "https://registry.npmjs.org/core-util-is/-/core-util-is-1.0.2.tgz",
        "inherits": "https://registry.npmjs.org/inherits/-/inherits-2.0.3.tgz",
        "isarray": "https://registry.npmjs.org/isarray/-/isarray-1.0.0.tgz",
        "process-nextick-args": "https://registry.npmjs.org/process-nextick-args/-/process-nextick-args-1.0.7.tgz",
        "string_decoder": "https://registry.npmjs.org/string_decoder/-/string_decoder-1.0.3.tgz",
        "util-deprecate": "https://registry.npmjs.org/util-deprecate/-/util-deprecate-1.0.2.tgz"
      }
    },
    "redis": {
      "version": "2.8.0",
      "resolved": "https://registry.npmjs.org/redis/-/redis-2.8.0.tgz",
      "integrity": "sha512-M1OkonEQwtRmZv4tEWF2VgpG0JWJ8Fv1PhlgT5+B+uNq2cA3Rt1Yt/ryoR+vQNOQcIEgdCdfH0jr3bDpihAw1A==",
      "requires": {
        "double-ended-queue": "2.1.0-0",
        "redis-commands": "1.3.1",
        "redis-parser": "2.6.0"
      }
    },
    "redis-commands": {
      "version": "1.3.1",
      "resolved": "https://registry.npmjs.org/redis-commands/-/redis-commands-1.3.1.tgz",
      "integrity": "sha1-gdgm9F+pyLIBH0zXoP5ZfSQdRCs="
    },
    "redis-parser": {
      "version": "2.6.0",
      "resolved": "https://registry.npmjs.org/redis-parser/-/redis-parser-2.6.0.tgz",
      "integrity": "sha1-Uu0J2srBCPGmMcB+m2mUHnoZUEs="
    },
    "regexp-clone": {
      "version": "https://registry.npmjs.org/regexp-clone/-/regexp-clone-0.0.1.tgz",
      "integrity": "sha1-p8LgmJH9vzj7sQ03b7cwA+aKxYk="
    },
    "require_optional": {
      "version": "https://registry.npmjs.org/require_optional/-/require_optional-1.0.1.tgz",
      "integrity": "sha1-TPNaQkf2TKPfjC7yCMxJSxyo/C4=",
      "requires": {
        "resolve-from": "https://registry.npmjs.org/resolve-from/-/resolve-from-2.0.0.tgz",
        "semver": "https://registry.npmjs.org/semver/-/semver-5.4.1.tgz"
      }
    },
    "resolve-from": {
      "version": "https://registry.npmjs.org/resolve-from/-/resolve-from-2.0.0.tgz",
      "integrity": "sha1-lICrIOlP+h2egKgEx+oUdhGWa1c="
    },
    "safe-buffer": {
      "version": "https://registry.npmjs.org/safe-buffer/-/safe-buffer-5.1.1.tgz",
      "integrity": "sha1-iTMSr2myEj3vcfV4iQAWce6yyFM="
    },
    "semver": {
      "version": "https://registry.npmjs.org/semver/-/semver-5.4.1.tgz",
      "integrity": "sha1-4FnAnYVx8FQII3M0M1BdOi8AsY4="
    },
    "send": {
      "version": "https://registry.npmjs.org/send/-/send-0.16.1.tgz",
      "integrity": "sha1-pw4coh0TgsEdDZ9iMd6ygQgNerM=",
      "requires": {
        "debug": "https://registry.npmjs.org/debug/-/debug-2.6.9.tgz",
        "depd": "https://registry.npmjs.org/depd/-/depd-1.1.1.tgz",
        "destroy": "https://registry.npmjs.org/destroy/-/destroy-1.0.4.tgz",
        "encodeurl": "https://registry.npmjs.org/encodeurl/-/encodeurl-1.0.1.tgz",
        "escape-html": "https://registry.npmjs.org/escape-html/-/escape-html-1.0.3.tgz",
        "etag": "https://registry.npmjs.org/etag/-/etag-1.8.1.tgz",
        "fresh": "https://registry.npmjs.org/fresh/-/fresh-0.5.2.tgz",
        "http-errors": "https://registry.npmjs.org/http-errors/-/http-errors-1.6.2.tgz",
        "mime": "https://registry.npmjs.org/mime/-/mime-1.4.1.tgz",
        "ms": "https://registry.npmjs.org/ms/-/ms-2.0.0.tgz",
        "on-finished": "https://registry.npmjs.org/on-finished/-/on-finished-2.3.0.tgz",
        "range-parser": "https://registry.npmjs.org/range-parser/-/range-parser-1.2.0.tgz",
        "statuses": "https://registry.npmjs.org/statuses/-/statuses-1.3.1.tgz"
      },
      "dependencies": {
        "mime": {
          "version": "https://registry.npmjs.org/mime/-/mime-1.4.1.tgz",
          "integrity": "sha1-Eh+evEnjdm8xGnbh+hyAA8SwOqY="
        }
      }
    },
    "serve-static": {
      "version": "https://registry.npmjs.org/serve-static/-/serve-static-1.13.1.tgz",
      "integrity": "sha1-TFfVNASnYdjy58HooYpH2/J4pxk=",
      "requires": {
        "encodeurl": "https://registry.npmjs.org/encodeurl/-/encodeurl-1.0.1.tgz",
        "escape-html": "https://registry.npmjs.org/escape-html/-/escape-html-1.0.3.tgz",
        "parseurl": "https://registry.npmjs.org/parseurl/-/parseurl-1.3.2.tgz",
        "send": "https://registry.npmjs.org/send/-/send-0.16.1.tgz"
      }
    },
    "setprototypeof": {
      "version": "https://registry.npmjs.org/setprototypeof/-/setprototypeof-1.0.3.tgz",
      "integrity": "sha1-ZlZ+NwQ+608E2RvWWMDL77VbjgQ="
    },
    "sliced": {
      "version": "https://registry.npmjs.org/sliced/-/sliced-1.0.1.tgz",
      "integrity": "sha1-CzpmK10Ewxd7GSa+qCsD+Dei70E="
    },
    "source-map": {
      "version": "https://registry.npmjs.org/source-map/-/source-map-0.6.1.tgz",
      "integrity": "sha1-dHIq8y6WFOnCh6jQu95IteLxomM="
    },
    "sprintf-js": {
      "version": "https://registry.npmjs.org/sprintf-js/-/sprintf-js-1.1.1.tgz",
      "integrity": "sha1-Nr54Mgr+WAH2zqPueLblqrlA6gw="
    },
    "sqlstring": {
      "version": "https://registry.npmjs.org/sqlstring/-/sqlstring-2.3.0.tgz",
      "integrity": "sha1-UluKT9Jtb3GqYegipsr5dtMa0qg="
    },
    "statuses": {
      "version": "https://registry.npmjs.org/statuses/-/statuses-1.3.1.tgz",
      "integrity": "sha1-+vUbnrdKrvOzrPStX2Gr8ky3uT4="
    },
    "streamifier": {
      "version": "https://registry.npmjs.org/streamifier/-/streamifier-0.1.1.tgz",
      "integrity": "sha1-l+mNj6TRBdYqJpHR3AfoINuN/E8="
    },
    "streamsearch": {
      "version": "https://registry.npmjs.org/streamsearch/-/streamsearch-0.1.2.tgz",
      "integrity": "sha1-gIudDlb8Jz2Am6VzOOkpkZoanxo="
    },
    "string_decoder": {
      "version": "https://registry.npmjs.org/string_decoder/-/string_decoder-1.0.3.tgz",
      "integrity": "sha1-D8Z9fBQYJd6UKC3VNr7GubzoYKs=",
      "requires": {
        "safe-buffer": "https://registry.npmjs.org/safe-buffer/-/safe-buffer-5.1.1.tgz"
      }
    },
    "then-busboy": {
      "version": "https://registry.npmjs.org/then-busboy/-/then-busboy-2.1.3.tgz",
      "integrity": "sha1-zQl9cgYeKRN/Z2DkHwnCtGg4TYI=",
      "requires": {
        "@octetstream/invariant": "https://registry.npmjs.org/@octetstream/invariant/-/invariant-1.1.0.tgz",
        "busboy": "https://registry.npmjs.org/busboy/-/busboy-0.2.14.tgz",
        "lodash.merge": "https://registry.npmjs.org/lodash.merge/-/lodash.merge-4.6.0.tgz",
        "nanoid": "https://registry.npmjs.org/nanoid/-/nanoid-1.0.0.tgz"
      }
    },
    "type-is": {
      "version": "https://registry.npmjs.org/type-is/-/type-is-1.6.15.tgz",
      "integrity": "sha1-yrEPtJCeRByChC6v4a1kbIGARBA=",
      "requires": {
        "media-typer": "https://registry.npmjs.org/media-typer/-/media-typer-0.3.0.tgz",
        "mime-types": "https://registry.npmjs.org/mime-types/-/mime-types-2.1.17.tgz"
      }
    },
    "uglify-js": {
      "version": "https://registry.npmjs.org/uglify-js/-/uglify-js-3.2.1.tgz",
      "integrity": "sha1-1kJ/1Fol/vxdGWaJwMdyppFeEP4=",
      "requires": {
        "commander": "https://registry.npmjs.org/commander/-/commander-2.12.2.tgz",
        "source-map": "https://registry.npmjs.org/source-map/-/source-map-0.6.1.tgz"
      }
    },
    "uid-safe": {
      "version": "2.1.5",
      "resolved": "https://registry.npmjs.org/uid-safe/-/uid-safe-2.1.5.tgz",
      "integrity": "sha512-KPHm4VL5dDXKz01UuEd88Df+KzynaohSL9fBh096KWAxSKZQDI2uBrVqtvRM4rwrIrRRKsdLNML/lnaaVSRioA==",
      "requires": {
        "random-bytes": "1.0.0"
      }
    },
    "universalify": {
      "version": "https://registry.npmjs.org/universalify/-/universalify-0.1.1.tgz",
      "integrity": "sha1-+nG63UQ3r0wUiEHjs7Fl+enlkLc="
    },
    "unpipe": {
      "version": "https://registry.npmjs.org/unpipe/-/unpipe-1.0.0.tgz",
      "integrity": "sha1-sr9O6FFKrmFltIF4KdIbLvSZBOw="
    },
    "util": {
      "version": "https://registry.npmjs.org/util/-/util-0.10.3.tgz",
      "integrity": "sha1-evsa/lCAUkZInj23/g7TeTNqwPk=",
      "requires": {
        "inherits": "https://registry.npmjs.org/inherits/-/inherits-2.0.1.tgz"
      },
      "dependencies": {
        "inherits": {
          "version": "https://registry.npmjs.org/inherits/-/inherits-2.0.1.tgz",
          "integrity": "sha1-sX0I0ya0Qj5Wjv9xn5GwscvfafE="
        }
      }
    },
    "util-deprecate": {
      "version": "https://registry.npmjs.org/util-deprecate/-/util-deprecate-1.0.2.tgz",
      "integrity": "sha1-RQ1Nyfpw3nMnYvvS1KKJgUGaDM8="
    },
    "utils-merge": {
      "version": "https://registry.npmjs.org/utils-merge/-/utils-merge-1.0.1.tgz",
      "integrity": "sha1-n5VxD1CiZ5R7LMwSR0HBAoQn5xM="
    },
    "validator": {
      "version": "https://registry.npmjs.org/validator/-/validator-8.2.0.tgz",
      "integrity": "sha1-PBI3KQ43CSNVNE/veMIxJJ2rd7k="
    },
    "vary": {
      "version": "https://registry.npmjs.org/vary/-/vary-1.1.2.tgz",
      "integrity": "sha1-IpnwLG3tMNSllhsLn3RSShj2NPw="
    },
    "wordwrap": {
      "version": "https://registry.npmjs.org/wordwrap/-/wordwrap-0.0.3.tgz",
      "integrity": "sha1-o9XabNXAvAAI03I0u68b7WMFkQc="
    }
  }
}
